
Microsoft Visual Studio Solution File, Format Version 12.00
# Visual Studio 15
VisualStudioVersion = 15.0.28307.572
MinimumVisualStudioVersion = 10.0.40219.1
Project("{8BC9CEB8-8B4A-11D0-8D11-00A0C91BC942}") = "brute_force", "brute_force\brute_force.vcxproj", "{E570B8E0-46DA-45A1-81E3-7A0D7F6F6E9D}"
EndProject
Global
	GlobalSection(SolutionConfigurationPlatforms) = preSolution
		Debug|x64 = Debug|x64
		Debug|x86 = Debug|x86
		Release|x64 = Release|x64
		Release|x86 = Release|x86
	EndGlobalSection
	GlobalSection(ProjectConfigurationPlatforms) = postSolution
		{E570B8E0-46DA-45A1-81E3-7A0D7F6F6E9D}.Debug|x64.ActiveCfg = Debug|x64
		{E570B8E0-46DA-45A1-81E3-7A0D7F6F6E9D}.Debug|x64.Build.0 = Debug|x64
		{E570B8E0-46DA-45A1-81E3-7A0D7F6F6E9D}.Debug|x86.ActiveCfg = Debug|Win32
		{E570B8E0-46DA-45A1-81E3-7A0D7F6F6E9D}.Debug|x86.Build.0 = Debug|Win32
		{E570B8E0-46DA-45A1-81E3-7A0D7F6F6E9D}.Release|x64.ActiveCfg = Release|x64
		{E570B8E0-46DA-45A1-81E3-7A0D7F6F6E9D}.Release|x64.Build.0 = Release|x64
		{E570B8E0-46DA-45A1-81E3-7A0D7F6F6E9D}.Release|x86.ActiveCfg = Release|Win32
		{E570B8E0-46DA-45A1-81E3-7A0D7F6F6E9D}.Release|x86.Build.0 = Release|Win32
	EndGlobalSection
	GlobalSection(SolutionProperties) = preSolution
		HideSolutionNode = FALSE
	EndGlobalSection
	GlobalSection(ExtensibilityGlobals) = postSolution
		SolutionGuid = {3B6E573D-F395-48AF-9D63-F0CDAECED160}
	EndGlobalSection
EndGlobal
